<?xml version="1.0" encoding="utf-8"?>
<Project ToolsVersion="4.0" xmlns="http://schemas.microsoft.com/developer/msbuild/2003">
  <ItemGroup>
    <Filter Include="Source Files">
      <UniqueIdentifier>{4FC737F1-C7A5-4376-A066-2A32D752A2FF}</UniqueIdentifier>
      <Extensions>cpp;c;cc;cxx;c++;cppm;ixx;def;odl;idl;hpj;bat;asm;asmx</Extensions>
    </Filter>
    <Filter Include="Header Files">
      <UniqueIdentifier>{93995380-89BD-4b04-88EB-625FBE52EBFB}</UniqueIdentifier>
      <Extensions>h;hh;hpp;hxx;h++;hm;inl;inc;ipp;xsd</Extensions>
    </Filter>
    <Filter Include="Resource Files">
      <UniqueIdentifier>{67DA6AB6-F800-4c08-8B7A-83BB121AAD01}</UniqueIdentifier>
      <Extensions>rc;ico;cur;bmp;dlg;rc2;rct;bin;rgs;gif;jpg;jpeg;jpe;resx;tiff;tif;png;wav;mfcribbon-ms</Extensions>
    </Filter>
    <Filter Include="Header Files\core">
      <UniqueIdentifier>{63c89010-1f5a-4de7-a2ad-a1e4b80b53fc}</UniqueIdentifier>
    </Filter>
    <Filter Include="Source Files\core">
      <UniqueIdentifier>{58eeb780-cc55-49dc-8337-6e3d3bbfcd6f}</UniqueIdentifier>
    </Filter>
    <Filter Include="Header Files\state">
      <UniqueIdentifier>{29b862ad-d57a-40f5-af2b-bf000c772b99}</UniqueIdentifier>
    </Filter>
    <Filter Include="Source Files\state">
      <UniqueIdentifier>{49bbbd27-4972-4fa1-8508-9fb39042f505}</UniqueIdentifier>
    </Filter>
    <Filter Include="Header Files\object">
      <UniqueIdentifier>{d3fccda4-469a-4cb8-bcb7-6754d206e631}</UniqueIdentifier>
    </Filter>
    <Filter Include="Source Files\object">
      <UniqueIdentifier>{d67c7df4-2d20-4926-8aec-1fc73f59b9e0}</UniqueIdentifier>
    </Filter>
  </ItemGroup>
  <ItemGroup>
    <ClInclude Include="core\const.h">
      <Filter>Header Files\core</Filter>
    </ClInclude>
    <ClInclude Include="core\game.h">
      <Filter>Header Files\core</Filter>
    </ClInclude>
    <ClInclude Include="core\game_object.h">
      <Filter>Header Files\core</Filter>
    </ClInclude>
    <ClInclude Include="core\game_state.h">
      <Filter>Header Files\core</Filter>
    </ClInclude>
    <ClInclude Include="core\game_state_manager.h">
      <Filter>Header Files\core</Filter>
    </ClInclude>
    <ClInclude Include="core\input_handle.h">
      <Filter>Header Files\core</Filter>
    </ClInclude>
    <ClInclude Include="core\texture_manager.h">
      <Filter>Header Files\core</Filter>
    </ClInclude>
    <ClInclude Include="core\vector2D.h">
      <Filter>Header Files\core</Filter>
    </ClInclude>
    <ClInclude Include="state\game_over.h">
      <Filter>Header Files\state</Filter>
    </ClInclude>
    <ClInclude Include="state\menu_state.h">
      <Filter>Header Files\state</Filter>
    </ClInclude>
    <ClInclude Include="state\play_state.h">
      <Filter>Header Files\state</Filter>
    </ClInclude>
    <ClInclude Include="state\victory.h">
      <Filter>Header Files\state</Filter>
    </ClInclude>
    <ClInclude Include="object\menu_button.h">
      <Filter>Header Files\object</Filter>
    </ClInclude>
  </ItemGroup>
  <ItemGroup>
    <ClCompile Include="core\vector2D.cpp">
      <Filter>Source Files\core</Filter>
    </ClCompile>
    <ClCompile Include="core\texture_manager.cpp">
      <Filter>Source Files\core</Filter>
    </ClCompile>
    <ClCompile Include="core\main.cpp">
      <Filter>Source Files\core</Filter>
    </ClCompile>
    <ClCompile Include="core\input_handle.cpp">
      <Filter>Source Files\core</Filter>
    </ClCompile>
    <ClCompile Include="core\game_state_manager.cpp">
      <Filter>Source Files\core</Filter>
    </ClCompile>
    <ClCompile Include="core\game_object.cpp">
      <Filter>Source Files\core</Filter>
    </ClCompile>
    <ClCompile Include="core\game.cpp">
      <Filter>Source Files\core</Filter>
    </ClCompile>
    <ClCompile Include="state\game_over.cpp">
      <Filter>Source Files\state</Filter>
    </ClCompile>
    <ClCompile Include="state\menu_state.cpp">
      <Filter>Source Files\state</Filter>
    </ClCompile>
    <ClCompile Include="state\play_state.cpp">
      <Filter>Source Files\state</Filter>
    </ClCompile>
    <ClCompile Include="state\victory.cpp">
      <Filter>Source Files\state</Filter>
    </ClCompile>
    <ClCompile Include="object\menu_button.cpp">
      <Filter>Source Files\object</Filter>
    </ClCompile>
  </ItemGroup>
</Project>